
Microsoft Visual Studio Solution File, Format Version 12.00
# Visual Studio Version 17
VisualStudioVersion = 17.9.34701.34
MinimumVisualStudioVersion = 10.0.40219.1
Project("{9A19103F-16F7-4668-BE54-9A1E7A4F7556}") = "PostcardCollection", "PostcardCollection\PostcardCollection.csproj", "{A06E627B-B803-4E86-AE18-62348481C39C}"
EndProject
Project("{9A19103F-16F7-4668-BE54-9A1E7A4F7556}") = "TheKingOfTheNorth", "TheKingOfTheNorth\TheKingOfTheNorth.csproj", "{98B26158-F8AC-4DFF-B90D-79214FE57C80}"
EndProject
Project("{9A19103F-16F7-4668-BE54-9A1E7A4F7556}") = "BiggestSlice", "BiggestSlice\BiggestSlice.csproj", "{FDACB1A8-04CA-49F4-9137-A2603A47C617}"
EndProject
Project("{9A19103F-16F7-4668-BE54-9A1E7A4F7556}") = "PostcardCollectionTest", "PostcardCollectionTest\PostcardCollectionTest.csproj", "{2D2FE678-6139-41B9-8B46-0A64DB7D4CAC}"
EndProject
Project("{9A19103F-16F7-4668-BE54-9A1E7A4F7556}") = "TheKingOfTheNorthTest", "TheKingOfTheNorthTest\TheKingOfTheNorthTest.csproj", "{E6282994-DF34-45B9-B8F2-415A085847ED}"
EndProject
Project("{FAE04EC0-301F-11D3-BF4B-00C04F79EFBC}") = "TestHelper", "TestHelper\TestHelper.csproj", "{D46A4703-E77C-40D0-A36C-590ACC1E2944}"
EndProject
Global
	GlobalSection(SolutionConfigurationPlatforms) = preSolution
		Debug|Any CPU = Debug|Any CPU
		Release|Any CPU = Release|Any CPU
	EndGlobalSection
	GlobalSection(ProjectConfigurationPlatforms) = postSolution
		{A06E627B-B803-4E86-AE18-62348481C39C}.Debug|Any CPU.ActiveCfg = Debug|Any CPU
		{A06E627B-B803-4E86-AE18-62348481C39C}.Debug|Any CPU.Build.0 = Debug|Any CPU
		{A06E627B-B803-4E86-AE18-62348481C39C}.Release|Any CPU.ActiveCfg = Release|Any CPU
		{A06E627B-B803-4E86-AE18-62348481C39C}.Release|Any CPU.Build.0 = Release|Any CPU
		{98B26158-F8AC-4DFF-B90D-79214FE57C80}.Debug|Any CPU.ActiveCfg = Debug|Any CPU
		{98B26158-F8AC-4DFF-B90D-79214FE57C80}.Debug|Any CPU.Build.0 = Debug|Any CPU
		{98B26158-F8AC-4DFF-B90D-79214FE57C80}.Release|Any CPU.ActiveCfg = Release|Any CPU
		{98B26158-F8AC-4DFF-B90D-79214FE57C80}.Release|Any CPU.Build.0 = Release|Any CPU
		{FDACB1A8-04CA-49F4-9137-A2603A47C617}.Debug|Any CPU.ActiveCfg = Debug|Any CPU
		{FDACB1A8-04CA-49F4-9137-A2603A47C617}.Debug|Any CPU.Build.0 = Debug|Any CPU
		{FDACB1A8-04CA-49F4-9137-A2603A47C617}.Release|Any CPU.ActiveCfg = Release|Any CPU
		{FDACB1A8-04CA-49F4-9137-A2603A47C617}.Release|Any CPU.Build.0 = Release|Any CPU
		{2D2FE678-6139-41B9-8B46-0A64DB7D4CAC}.Debug|Any CPU.ActiveCfg = Debug|Any CPU
		{2D2FE678-6139-41B9-8B46-0A64DB7D4CAC}.Debug|Any CPU.Build.0 = Debug|Any CPU
		{2D2FE678-6139-41B9-8B46-0A64DB7D4CAC}.Release|Any CPU.ActiveCfg = Release|Any CPU
		{2D2FE678-6139-41B9-8B46-0A64DB7D4CAC}.Release|Any CPU.Build.0 = Release|Any CPU
		{E6282994-DF34-45B9-B8F2-415A085847ED}.Debug|Any CPU.ActiveCfg = Debug|Any CPU
		{E6282994-DF34-45B9-B8F2-415A085847ED}.Debug|Any CPU.Build.0 = Debug|Any CPU
		{E6282994-DF34-45B9-B8F2-415A085847ED}.Release|Any CPU.ActiveCfg = Release|Any CPU
		{E6282994-DF34-45B9-B8F2-415A085847ED}.Release|Any CPU.Build.0 = Release|Any CPU
		{D46A4703-E77C-40D0-A36C-590ACC1E2944}.Debug|Any CPU.ActiveCfg = Debug|Any CPU
		{D46A4703-E77C-40D0-A36C-590ACC1E2944}.Debug|Any CPU.Build.0 = Debug|Any CPU
		{D46A4703-E77C-40D0-A36C-590ACC1E2944}.Release|Any CPU.ActiveCfg = Release|Any CPU
		{D46A4703-E77C-40D0-A36C-590ACC1E2944}.Release|Any CPU.Build.0 = Release|Any CPU
	EndGlobalSection
	GlobalSection(SolutionProperties) = preSolution
		HideSolutionNode = FALSE
	EndGlobalSection
	GlobalSection(ExtensibilityGlobals) = postSolution
		SolutionGuid = {C9E981F0-91C2-443E-9770-268F3B6056EC}
	EndGlobalSection
EndGlobal
